
Microsoft Visual Studio Solution File, Format Version 12.00
# Visual Studio Version 16
VisualStudioVersion = 16.0.29215.179
MinimumVisualStudioVersion = 10.0.40219.1
Project("{FAE04EC0-301F-11D3-BF4B-00C04F79EFBC}") = "luce_MIS4200", "luce_MIS4200.csproj", "{13CCEFB6-3A1B-46B5-A288-274F2FE9880B}"
EndProject
Global
	GlobalSection(SolutionConfigurationPlatforms) = preSolution
		Debug|Any CPU = Debug|Any CPU
		Release|Any CPU = Release|Any CPU
	EndGlobalSection
	GlobalSection(ProjectConfigurationPlatforms) = postSolution
		{13CCEFB6-3A1B-46B5-A288-274F2FE9880B}.Debug|Any CPU.ActiveCfg = Debug|Any CPU
		{13CCEFB6-3A1B-46B5-A288-274F2FE9880B}.Debug|Any CPU.Build.0 = Debug|Any CPU
		{13CCEFB6-3A1B-46B5-A288-274F2FE9880B}.Release|Any CPU.ActiveCfg = Release|Any CPU
		{13CCEFB6-3A1B-46B5-A288-274F2FE9880B}.Release|Any CPU.Build.0 = Release|Any CPU
	EndGlobalSection
	GlobalSection(SolutionProperties) = preSolution
		HideSolutionNode = FALSE
	EndGlobalSection
	GlobalSection(ExtensibilityGlobals) = postSolution
		SolutionGuid = {6BF10817-1E4F-4581-98A4-F96B98C0348E}
	EndGlobalSection
EndGlobal
